
Microsoft Visual Studio Solution File, Format Version 12.00
# Visual Studio 15
VisualStudioVersion = 15.0.27703.2047
MinimumVisualStudioVersion = 10.0.40219.1
Project("{00D1A9C2-B5F0-4AF3-8072-F6C62B433612}") = "CRM", "CRM\CRM.sqlproj", "{63E1B4D9-4DBD-405C-8C1B-ECFB2372C100}"
EndProject
Project("{00D1A9C2-B5F0-4AF3-8072-F6C62B433612}") = "SecondDatabase", "SecondDatabase\SecondDatabase.sqlproj", "{D312D41B-5738-4EFA-9A93-F236392A7232}"
EndProject
Project("{00D1A9C2-B5F0-4AF3-8072-F6C62B433612}") = "AdventureWorks2014", "AdventureWorks2014\AdventureWorks2014.sqlproj", "{992C1F98-44D8-4D47-8FFC-7E46C80085FF}"
EndProject
Global
	GlobalSection(SolutionConfigurationPlatforms) = preSolution
		Debug|Any CPU = Debug|Any CPU
		Release|Any CPU = Release|Any CPU
	EndGlobalSection
	GlobalSection(ProjectConfigurationPlatforms) = postSolution
		{63E1B4D9-4DBD-405C-8C1B-ECFB2372C100}.Debug|Any CPU.ActiveCfg = Debug|Any CPU
		{63E1B4D9-4DBD-405C-8C1B-ECFB2372C100}.Debug|Any CPU.Build.0 = Debug|Any CPU
		{63E1B4D9-4DBD-405C-8C1B-ECFB2372C100}.Debug|Any CPU.Deploy.0 = Debug|Any CPU
		{63E1B4D9-4DBD-405C-8C1B-ECFB2372C100}.Release|Any CPU.ActiveCfg = Release|Any CPU
		{63E1B4D9-4DBD-405C-8C1B-ECFB2372C100}.Release|Any CPU.Build.0 = Release|Any CPU
		{63E1B4D9-4DBD-405C-8C1B-ECFB2372C100}.Release|Any CPU.Deploy.0 = Release|Any CPU
		{D312D41B-5738-4EFA-9A93-F236392A7232}.Debug|Any CPU.ActiveCfg = Debug|Any CPU
		{D312D41B-5738-4EFA-9A93-F236392A7232}.Debug|Any CPU.Build.0 = Debug|Any CPU
		{D312D41B-5738-4EFA-9A93-F236392A7232}.Debug|Any CPU.Deploy.0 = Debug|Any CPU
		{D312D41B-5738-4EFA-9A93-F236392A7232}.Release|Any CPU.ActiveCfg = Release|Any CPU
		{D312D41B-5738-4EFA-9A93-F236392A7232}.Release|Any CPU.Build.0 = Release|Any CPU
		{D312D41B-5738-4EFA-9A93-F236392A7232}.Release|Any CPU.Deploy.0 = Release|Any CPU
		{992C1F98-44D8-4D47-8FFC-7E46C80085FF}.Debug|Any CPU.ActiveCfg = Debug|Any CPU
		{992C1F98-44D8-4D47-8FFC-7E46C80085FF}.Debug|Any CPU.Build.0 = Debug|Any CPU
		{992C1F98-44D8-4D47-8FFC-7E46C80085FF}.Debug|Any CPU.Deploy.0 = Debug|Any CPU
		{992C1F98-44D8-4D47-8FFC-7E46C80085FF}.Release|Any CPU.ActiveCfg = Release|Any CPU
		{992C1F98-44D8-4D47-8FFC-7E46C80085FF}.Release|Any CPU.Build.0 = Release|Any CPU
		{992C1F98-44D8-4D47-8FFC-7E46C80085FF}.Release|Any CPU.Deploy.0 = Release|Any CPU
	EndGlobalSection
	GlobalSection(SolutionProperties) = preSolution
		HideSolutionNode = FALSE
	EndGlobalSection
	GlobalSection(ExtensibilityGlobals) = postSolution
		SolutionGuid = {BA32597D-AA6B-4EBF-8B7C-25075EBDEC4F}
	EndGlobalSection
EndGlobal
